{
    "_readme": [
        "This file locks the dependencies of your project to a known state",
        "Read more about it at https://getcomposer.org/doc/01-basic-usage.md#composer-lock-the-lock-file",
        "This file is @generated automatically"
    ],
    "hash": "14183508bd9a8c9757743f7b4f64fc37",
    "content-hash": "bdf05065e1d9ac5eeaa860c2ecf97268",
    "packages": [
        {
            "name": "zendframework/zend-memory",
            "version": "2.5.2",
            "source": {
                "type": "git",
                "url": "https://github.com/zendframework/zend-memory.git",
                "reference": "bbf8b9509660b2a97f2d6ccfefabffac3cca6a5c"
            },
            "dist": {
                "type": "zip",
                "url": "https://api.github.com/repos/zendframework/zend-memory/zipball/bbf8b9509660b2a97f2d6ccfefabffac3cca6a5c",
                "reference": "bbf8b9509660b2a97f2d6ccfefabffac3cca6a5c",
                "shasum": ""
            },
            "require": {
                "php": "^5.5 || ^7.0"
            },
            "require-dev": {
                "phpunit/phpunit": "^4.8",
                "squizlabs/php_codesniffer": "^2.3.1",
                "zendframework/zend-cache": "^2.7"
            },
            "suggest": {
                "zendframework/zend-cache": "To support swapping memory objects into and out of non-memory cache storage"
            },
            "type": "library",
            "extra": {
                "branch-alias": {
                    "dev-master": "2.5-dev",
                    "dev-develop": "2.6-dev"
                }
            },
            "autoload": {
                "psr-4": {
                    "Zend\\Memory\\": "src/"
                }
            },
            "notification-url": "https://packagist.org/downloads/",
            "license": [
                "BSD-3-Clause"
            ],
            "homepage": "https://github.com/zendframework/zend-memory",
            "keywords": [
                "memory",
                "zf2"
            ],
            "time": "2016-05-11 14:49:42"
        }
    ],
    "packages-dev": [],
    "aliases": [],
    "minimum-stability": "stable",
    "stability-flags": [],
    "prefer-stable": false,
    "prefer-lowest": false,
    "platform": {
        "php": "^5.4 || ^7.0"
    },
    "platform-dev": []
}
